{
  "name": "url_shortener",
  "version": "1.0.0",
  "lockfileVersion": 2,
  "requires": true,
  "packages": {
    "": {
      "version": "1.0.0",
      "license": "MIT",
      "devDependencies": {
        "prettier-config-standard": "^4.0.0"
      }
    },
    "node_modules/prettier-config-standard": {
      "version": "4.0.0",
      "resolved": "https://registry.npmjs.org/prettier-config-standard/-/prettier-config-standard-4.0.0.tgz",
      "integrity": "sha512-K5J34NKeGyJvVVHUg4cAWDhtVYzT7UIRE9GbFyqHNZd61Pr0DHNTMsgoID7IVDmKc0QaLswYwKaNR2apbUJvkg==",
      "dev": true
    }
  },
  "dependencies": {
    "prettier-config-standard": {
      "version": "4.0.0",
      "resolved": "https://registry.npmjs.org/prettier-config-standard/-/prettier-config-standard-4.0.0.tgz",
      "integrity": "sha512-K5J34NKeGyJvVVHUg4cAWDhtVYzT7UIRE9GbFyqHNZd61Pr0DHNTMsgoID7IVDmKc0QaLswYwKaNR2apbUJvkg==",
      "dev": true
    }
  }
}
